
Microsoft Visual Studio Solution File, Format Version 12.00
# Visual Studio Version 17
VisualStudioVersion = 17.10.35122.118
MinimumVisualStudioVersion = 10.0.40219.1
Project("{F184B08F-C81C-45F6-A57F-5ABD9991F28F}") = "PS Classics fPKG Builder", "PS Classics fPKG Builder\PS Classics fPKG Builder.vbproj", "{39038E46-FDF1-4E8E-9524-427F8B5A7BD2}"
EndProject
Global
	GlobalSection(SolutionConfigurationPlatforms) = preSolution
		Debug|Any CPU = Debug|Any CPU
		Release|Any CPU = Release|Any CPU
	EndGlobalSection
	GlobalSection(ProjectConfigurationPlatforms) = postSolution
		{39038E46-FDF1-4E8E-9524-427F8B5A7BD2}.Debug|Any CPU.ActiveCfg = Debug|Any CPU
		{39038E46-FDF1-4E8E-9524-427F8B5A7BD2}.Debug|Any CPU.Build.0 = Debug|Any CPU
		{39038E46-FDF1-4E8E-9524-427F8B5A7BD2}.Release|Any CPU.ActiveCfg = Release|Any CPU
		{39038E46-FDF1-4E8E-9524-427F8B5A7BD2}.Release|Any CPU.Build.0 = Release|Any CPU
	EndGlobalSection
	GlobalSection(SolutionProperties) = preSolution
		HideSolutionNode = FALSE
	EndGlobalSection
	GlobalSection(ExtensibilityGlobals) = postSolution
		SolutionGuid = {09F10D6B-375A-41E1-9C86-04D9BABC2310}
	EndGlobalSection
EndGlobal
