
Microsoft Visual Studio Solution File, Format Version 12.00
# Visual Studio Version 17
VisualStudioVersion = 17.11.35219.272
MinimumVisualStudioVersion = 10.0.40219.1
Project("{9A19103F-16F7-4668-BE54-9A1E7A4F7556}") = "makePSClassicsfPKG", "makePSClassicsfPKG\makePSClassicsfPKG.csproj", "{673E992E-C1E7-47F1-9B7C-3387623B3914}"
EndProject
Global
	GlobalSection(SolutionConfigurationPlatforms) = preSolution
		Debug|Any CPU = Debug|Any CPU
		Release|Any CPU = Release|Any CPU
	EndGlobalSection
	GlobalSection(ProjectConfigurationPlatforms) = postSolution
		{673E992E-C1E7-47F1-9B7C-3387623B3914}.Debug|Any CPU.ActiveCfg = Debug|Any CPU
		{673E992E-C1E7-47F1-9B7C-3387623B3914}.Debug|Any CPU.Build.0 = Debug|Any CPU
		{673E992E-C1E7-47F1-9B7C-3387623B3914}.Release|Any CPU.ActiveCfg = Release|Any CPU
		{673E992E-C1E7-47F1-9B7C-3387623B3914}.Release|Any CPU.Build.0 = Release|Any CPU
	EndGlobalSection
	GlobalSection(SolutionProperties) = preSolution
		HideSolutionNode = FALSE
	EndGlobalSection
	GlobalSection(ExtensibilityGlobals) = postSolution
		SolutionGuid = {EA192E80-5CFB-4874-A996-EA7F4EED9048}
	EndGlobalSection
EndGlobal
